
Microsoft Visual Studio Solution File, Format Version 11.00
# Visual Studio 2010
Project("{8BC9CEB8-8B4A-11D0-8D11-00A0C91BC942}") = "Figure", "Figure\Figure.vcxproj", "{FFD39B17-8468-4D48-98A0-732EA75DA3A7}"
EndProject
Global
	GlobalSection(SolutionConfigurationPlatforms) = preSolution
		Debug|Win32 = Debug|Win32
		Release|Win32 = Release|Win32
	EndGlobalSection
	GlobalSection(ProjectConfigurationPlatforms) = postSolution
		{FFD39B17-8468-4D48-98A0-732EA75DA3A7}.Debug|Win32.ActiveCfg = Debug|Win32
		{FFD39B17-8468-4D48-98A0-732EA75DA3A7}.Debug|Win32.Build.0 = Debug|Win32
		{FFD39B17-8468-4D48-98A0-732EA75DA3A7}.Release|Win32.ActiveCfg = Release|Win32
		{FFD39B17-8468-4D48-98A0-732EA75DA3A7}.Release|Win32.Build.0 = Release|Win32
	EndGlobalSection
	GlobalSection(SolutionProperties) = preSolution
		HideSolutionNode = FALSE
	EndGlobalSection
EndGlobal
